
Microsoft Visual Studio Solution File, Format Version 12.00
# Visual Studio 15
VisualStudioVersion = 15.0.28307.779
MinimumVisualStudioVersion = 10.0.40219.1
Project("{888888A0-9F3D-457C-B088-3A5042F75D52}") = "IDPower", "IDPower\IDPower.pyproj", "{1794EFD4-01D6-4694-9B08-A6A3CD370EAA}"
EndProject
Project("{2150E333-8FDC-42A3-9474-1A3956D46DE8}") = "classes", "classes", "{D0EC31CC-0417-4C68-B2FB-424A2FA44888}"
	ProjectSection(SolutionItems) = preProject
		..\PythonApplication1\PythonApplication1\classes\3dtest.py = ..\PythonApplication1\PythonApplication1\classes\3dtest.py
		..\PythonApplication1\PythonApplication1\classes\__init__.py = ..\PythonApplication1\PythonApplication1\classes\__init__.py
		IDPower\classes\constants.py = IDPower\classes\constants.py
		..\PythonApplication1\PythonApplication1\classes\element.py = ..\PythonApplication1\PythonApplication1\classes\element.py
		..\PythonApplication1\PythonApplication1\classes\geometry.py = ..\PythonApplication1\PythonApplication1\classes\geometry.py
		IDPower\classes\hflux.py = IDPower\classes\hflux.py
		IDPower\classes\node.py = IDPower\classes\node.py
		..\PythonApplication1\PythonApplication1\classes\SR.py = ..\PythonApplication1\PythonApplication1\classes\SR.py
		IDPower\classes\SRconstants.py = IDPower\classes\SRconstants.py
		..\PythonApplication1\PythonApplication1\classes\SRspace.py = ..\PythonApplication1\PythonApplication1\classes\SRspace.py
	EndProjectSection
EndProject
Global
	GlobalSection(SolutionConfigurationPlatforms) = preSolution
		Debug|Any CPU = Debug|Any CPU
		Release|Any CPU = Release|Any CPU
	EndGlobalSection
	GlobalSection(ProjectConfigurationPlatforms) = postSolution
		{1794EFD4-01D6-4694-9B08-A6A3CD370EAA}.Debug|Any CPU.ActiveCfg = Debug|Any CPU
		{1794EFD4-01D6-4694-9B08-A6A3CD370EAA}.Release|Any CPU.ActiveCfg = Release|Any CPU
	EndGlobalSection
	GlobalSection(SolutionProperties) = preSolution
		HideSolutionNode = FALSE
	EndGlobalSection
	GlobalSection(ExtensibilityGlobals) = postSolution
		SolutionGuid = {1532D58B-C985-4480-BC68-D67393F911E4}
	EndGlobalSection
EndGlobal
